
Microsoft Visual Studio Solution File, Format Version 12.00
# Visual Studio Version 16
VisualStudioVersion = 16.0.29020.237
MinimumVisualStudioVersion = 10.0.40219.1
Project("{FAE04EC0-301F-11D3-BF4B-00C04F79EFBC}") = "SurveyCreation.Models", ".\SurveyCreation.Models\SurveyCreation.Models.csproj", "{FE258645-A66C-4E7F-8BCC-B55D16254F94}"
EndProject
Project("{FAE04EC0-301F-11D3-BF4B-00C04F79EFBC}") = "SurveyCreation.DataAccess", ".\SurveyCreation.DataAccess\SurveyCreation.DataAccess.csproj", "{2A6D234D-3BE1-4365-A50F-A61C8DFEF52D}"
EndProject
Project("{FAE04EC0-301F-11D3-BF4B-00C04F79EFBC}") = "SurveyCreation.API", ".\SurveyCreation.API\SurveyCreation.API.csproj", "{6246D0DF-DFD3-4B13-823F-8CA256006571}"
EndProject
Global
	GlobalSection(SolutionConfigurationPlatforms) = preSolution
		Debug|Any CPU = Debug|Any CPU
		Release|Any CPU = Release|Any CPU
	EndGlobalSection
	GlobalSection(ProjectConfigurationPlatforms) = postSolution
		{FE258645-A66C-4E7F-8BCC-B55D16254F94}.Debug|Any CPU.ActiveCfg = Debug|Any CPU
		{FE258645-A66C-4E7F-8BCC-B55D16254F94}.Debug|Any CPU.Build.0 = Debug|Any CPU
		{FE258645-A66C-4E7F-8BCC-B55D16254F94}.Release|Any CPU.ActiveCfg = Release|Any CPU
		{FE258645-A66C-4E7F-8BCC-B55D16254F94}.Release|Any CPU.Build.0 = Release|Any CPU
		{2A6D234D-3BE1-4365-A50F-A61C8DFEF52D}.Debug|Any CPU.ActiveCfg = Debug|Any CPU
		{2A6D234D-3BE1-4365-A50F-A61C8DFEF52D}.Debug|Any CPU.Build.0 = Debug|Any CPU
		{2A6D234D-3BE1-4365-A50F-A61C8DFEF52D}.Release|Any CPU.ActiveCfg = Release|Any CPU
		{2A6D234D-3BE1-4365-A50F-A61C8DFEF52D}.Release|Any CPU.Build.0 = Release|Any CPU
		{6246D0DF-DFD3-4B13-823F-8CA256006571}.Debug|Any CPU.ActiveCfg = Debug|Any CPU
		{6246D0DF-DFD3-4B13-823F-8CA256006571}.Debug|Any CPU.Build.0 = Debug|Any CPU
		{6246D0DF-DFD3-4B13-823F-8CA256006571}.Release|Any CPU.ActiveCfg = Release|Any CPU
		{6246D0DF-DFD3-4B13-823F-8CA256006571}.Release|Any CPU.Build.0 = Release|Any CPU
	EndGlobalSection
	GlobalSection(SolutionProperties) = preSolution
		HideSolutionNode = FALSE
	EndGlobalSection
	GlobalSection(ExtensibilityGlobals) = postSolution
		SolutionGuid = {8BE9A010-E019-44B2-AEEA-DA635A43F0B4}
	EndGlobalSection
EndGlobal
